
Microsoft Visual Studio Solution File, Format Version 12.00
# Visual Studio 2013
VisualStudioVersion = 12.0.30723.0
MinimumVisualStudioVersion = 10.0.40219.1
Project("{FAE04EC0-301F-11D3-BF4B-00C04F79EFBC}") = "ServicePlugins", "ServicePlugins\ServicePlugins.csproj", "{445AEC81-99E5-4527-B93A-924BA1071123}"
EndProject
Project("{FAE04EC0-301F-11D3-BF4B-00C04F79EFBC}") = "DataInterfaces", "..\..\DataInterfaces\DataInterfaces\DataInterfaces.csproj", "{D1699CD0-EC5D-4BAC-AF4E-A145E417733B}"
EndProject
Project("{FAE04EC0-301F-11D3-BF4B-00C04F79EFBC}") = "TempLib", "..\..\TempLib\TempLib\TempLib.csproj", "{D112B6E7-F58F-405F-82BA-236508CB99D0}"
EndProject
Global
	GlobalSection(SolutionConfigurationPlatforms) = preSolution
		Debug|Any CPU = Debug|Any CPU
		Release|Any CPU = Release|Any CPU
	EndGlobalSection
	GlobalSection(ProjectConfigurationPlatforms) = postSolution
		{445AEC81-99E5-4527-B93A-924BA1071123}.Debug|Any CPU.ActiveCfg = Debug|Any CPU
		{445AEC81-99E5-4527-B93A-924BA1071123}.Debug|Any CPU.Build.0 = Debug|Any CPU
		{445AEC81-99E5-4527-B93A-924BA1071123}.Release|Any CPU.ActiveCfg = Release|Any CPU
		{445AEC81-99E5-4527-B93A-924BA1071123}.Release|Any CPU.Build.0 = Release|Any CPU
		{D1699CD0-EC5D-4BAC-AF4E-A145E417733B}.Debug|Any CPU.ActiveCfg = Debug|Any CPU
		{D1699CD0-EC5D-4BAC-AF4E-A145E417733B}.Debug|Any CPU.Build.0 = Debug|Any CPU
		{D1699CD0-EC5D-4BAC-AF4E-A145E417733B}.Release|Any CPU.ActiveCfg = Release|Any CPU
		{D1699CD0-EC5D-4BAC-AF4E-A145E417733B}.Release|Any CPU.Build.0 = Release|Any CPU
		{D112B6E7-F58F-405F-82BA-236508CB99D0}.Debug|Any CPU.ActiveCfg = Debug|Any CPU
		{D112B6E7-F58F-405F-82BA-236508CB99D0}.Debug|Any CPU.Build.0 = Debug|Any CPU
		{D112B6E7-F58F-405F-82BA-236508CB99D0}.Release|Any CPU.ActiveCfg = Release|Any CPU
		{D112B6E7-F58F-405F-82BA-236508CB99D0}.Release|Any CPU.Build.0 = Release|Any CPU
	EndGlobalSection
	GlobalSection(SolutionProperties) = preSolution
		HideSolutionNode = FALSE
	EndGlobalSection
EndGlobal
